lockfileVersion: '9.0'

settings:
  autoInstallPeers: true
  excludeLinksFromLockfile: false

importers:

  .:
    dependencies:
      '@patternfly-v5/patternfly':
        specifier: npm:@patternfly/patternfly@^5.2.0
        version: '@patternfly/patternfly@5.2.0'
      jwt-decode:
        specifier: ^3.1.2
        version: 3.1.2

packages:

  '@patternfly/patternfly@5.2.0':
    resolution: {integrity: sha512-phdsXcCRO+JICFXIKtORxSbOWoBr9zRCgtFTKTJ8hAIzm6wEUCdcHZrvsd+SXNR3q/4b/+KlmHUC4Q4KGUiuYw==}

  jwt-decode@3.1.2:
    resolution: {integrity: sha512-UfpWE/VZn0iP50d8cz9NrZLM9lSWhcJ+0Gt/nm4by88UL+J1SiKN8/5dkjMmbEzwL2CAe+67GsegCbIKtbp75A==}

snapshots:

  '@patternfly/patternfly@5.2.0': {}

  jwt-decode@3.1.2: {}
